{
  "name": "fleetbase",
  "lockfileVersion": 3,
  "requires": true,
  "packages": {
    "": {
      "dependencies": {
        "chargebee": "^3.10.0"
      }
    },
    "node_modules/chargebee": {
      "version": "3.10.0",
      "resolved": "https://registry.npmjs.org/chargebee/-/chargebee-3.10.0.tgz",
      "integrity": "sha512-Rny1w8cRXMfGbV4vxpGcsz9RsdLhUtrdpTisQASgqoZW0C3Ff4KVi2wCOEltc+536cqMqDml57s0X9bQRoDVVQ==",
      "engines": {
        "node": ">=18.*"
      }
    }
  }
}
